
Microsoft Visual Studio Solution File, Format Version 12.00
# Visual Studio 14
VisualStudioVersion = 14.0.25123.0
MinimumVisualStudioVersion = 10.0.40219.1
Project("{FAE04EC0-301F-11D3-BF4B-00C04F79EFBC}") = "BondLoader", "BondLoader\BondLoader.csproj", "{018741B6-61E2-4AE2-937E-87C306D28C07}"
EndProject
Project("{FAE04EC0-301F-11D3-BF4B-00C04F79EFBC}") = "Model", "Model\Model.csproj", "{02778251-9D7D-4AD5-84FC-EEC1A18A7DA9}"
EndProject
Project("{FAE04EC0-301F-11D3-BF4B-00C04F79EFBC}") = "BondValidator", "BondValidator\BondValidator.csproj", "{BC318BA7-E767-4F93-BF6B-1C8AA9CEC340}"
EndProject
Project("{FAE04EC0-301F-11D3-BF4B-00C04F79EFBC}") = "SpreadCalculator", "SpreadCalculator\SpreadCalculator.csproj", "{DF58D368-38D4-4199-8384-1A0A4E2B5E60}"
EndProject
Project("{FAE04EC0-301F-11D3-BF4B-00C04F79EFBC}") = "BondStorage", "BondStorage\BondStorage.csproj", "{77634F87-2EE3-4810-9F5B-8EE35EDECB39}"
EndProject
Project("{FAE04EC0-301F-11D3-BF4B-00C04F79EFBC}") = "BondErrorHandler", "BondErrorHandler\BondErrorHandler.csproj", "{D0D8D71E-2101-44E2-8331-CEE4E1C0EEA1}"
EndProject
Project("{FAE04EC0-301F-11D3-BF4B-00C04F79EFBC}") = "BondErrorWebService", "BondErrorWebService\BondErrorWebService.csproj", "{437B5232-8D01-499B-9BB4-86AEA57C6A07}"
EndProject
Project("{FAE04EC0-301F-11D3-BF4B-00C04F79EFBC}") = "Common", "Common\Common.csproj", "{1771D7BC-5884-42B0-9863-FAB1DE5CECA5}"
EndProject
Global
	GlobalSection(SolutionConfigurationPlatforms) = preSolution
		Debug|Any CPU = Debug|Any CPU
		Release|Any CPU = Release|Any CPU
	EndGlobalSection
	GlobalSection(ProjectConfigurationPlatforms) = postSolution
		{018741B6-61E2-4AE2-937E-87C306D28C07}.Debug|Any CPU.ActiveCfg = Debug|Any CPU
		{018741B6-61E2-4AE2-937E-87C306D28C07}.Debug|Any CPU.Build.0 = Debug|Any CPU
		{018741B6-61E2-4AE2-937E-87C306D28C07}.Release|Any CPU.ActiveCfg = Release|Any CPU
		{018741B6-61E2-4AE2-937E-87C306D28C07}.Release|Any CPU.Build.0 = Release|Any CPU
		{02778251-9D7D-4AD5-84FC-EEC1A18A7DA9}.Debug|Any CPU.ActiveCfg = Debug|Any CPU
		{02778251-9D7D-4AD5-84FC-EEC1A18A7DA9}.Debug|Any CPU.Build.0 = Debug|Any CPU
		{02778251-9D7D-4AD5-84FC-EEC1A18A7DA9}.Release|Any CPU.ActiveCfg = Release|Any CPU
		{02778251-9D7D-4AD5-84FC-EEC1A18A7DA9}.Release|Any CPU.Build.0 = Release|Any CPU
		{BC318BA7-E767-4F93-BF6B-1C8AA9CEC340}.Debug|Any CPU.ActiveCfg = Debug|Any CPU
		{BC318BA7-E767-4F93-BF6B-1C8AA9CEC340}.Debug|Any CPU.Build.0 = Debug|Any CPU
		{BC318BA7-E767-4F93-BF6B-1C8AA9CEC340}.Release|Any CPU.ActiveCfg = Release|Any CPU
		{BC318BA7-E767-4F93-BF6B-1C8AA9CEC340}.Release|Any CPU.Build.0 = Release|Any CPU
		{DF58D368-38D4-4199-8384-1A0A4E2B5E60}.Debug|Any CPU.ActiveCfg = Debug|Any CPU
		{DF58D368-38D4-4199-8384-1A0A4E2B5E60}.Debug|Any CPU.Build.0 = Debug|Any CPU
		{DF58D368-38D4-4199-8384-1A0A4E2B5E60}.Release|Any CPU.ActiveCfg = Release|Any CPU
		{DF58D368-38D4-4199-8384-1A0A4E2B5E60}.Release|Any CPU.Build.0 = Release|Any CPU
		{77634F87-2EE3-4810-9F5B-8EE35EDECB39}.Debug|Any CPU.ActiveCfg = Debug|Any CPU
		{77634F87-2EE3-4810-9F5B-8EE35EDECB39}.Debug|Any CPU.Build.0 = Debug|Any CPU
		{77634F87-2EE3-4810-9F5B-8EE35EDECB39}.Release|Any CPU.ActiveCfg = Release|Any CPU
		{77634F87-2EE3-4810-9F5B-8EE35EDECB39}.Release|Any CPU.Build.0 = Release|Any CPU
		{D0D8D71E-2101-44E2-8331-CEE4E1C0EEA1}.Debug|Any CPU.ActiveCfg = Debug|Any CPU
		{D0D8D71E-2101-44E2-8331-CEE4E1C0EEA1}.Debug|Any CPU.Build.0 = Debug|Any CPU
		{D0D8D71E-2101-44E2-8331-CEE4E1C0EEA1}.Release|Any CPU.ActiveCfg = Release|Any CPU
		{D0D8D71E-2101-44E2-8331-CEE4E1C0EEA1}.Release|Any CPU.Build.0 = Release|Any CPU
		{437B5232-8D01-499B-9BB4-86AEA57C6A07}.Debug|Any CPU.ActiveCfg = Debug|Any CPU
		{437B5232-8D01-499B-9BB4-86AEA57C6A07}.Debug|Any CPU.Build.0 = Debug|Any CPU
		{437B5232-8D01-499B-9BB4-86AEA57C6A07}.Release|Any CPU.ActiveCfg = Release|Any CPU
		{437B5232-8D01-499B-9BB4-86AEA57C6A07}.Release|Any CPU.Build.0 = Release|Any CPU
		{1771D7BC-5884-42B0-9863-FAB1DE5CECA5}.Debug|Any CPU.ActiveCfg = Debug|Any CPU
		{1771D7BC-5884-42B0-9863-FAB1DE5CECA5}.Debug|Any CPU.Build.0 = Debug|Any CPU
		{1771D7BC-5884-42B0-9863-FAB1DE5CECA5}.Release|Any CPU.ActiveCfg = Release|Any CPU
		{1771D7BC-5884-42B0-9863-FAB1DE5CECA5}.Release|Any CPU.Build.0 = Release|Any CPU
	EndGlobalSection
	GlobalSection(SolutionProperties) = preSolution
		HideSolutionNode = FALSE
	EndGlobalSection
	GlobalSection(ExtensibilityGlobals) = postSolution
		EnterpriseLibraryConfigurationToolBinariesPath = packages\Unity.2.1.505.2\lib\NET35;packages\Unity.Interception.2.1.505.2\lib\NET35;packages\EnterpriseLibrary.Common.5.0.505.0\lib\NET35;packages\Unity.2.1.505.0\lib\NET35;packages\Unity.Interception.2.1.505.0\lib\NET35
	EndGlobalSection
EndGlobal
